Microsoft Visual Studio Solution File, Format Version 12.00
# Visual Studio Version 17
VisualStudioVersion = 17.5.2.0
MinimumVisualStudioVersion = 10.0.40219.1
Project("{FAE04EC0-301F-11D3-BF4B-00C04F79EFBC}") = "Signal-R", "Signal-R.csproj", "{C2BCB8EC-BEEE-5943-8C23-661DCF8D1CCD}"
EndProject
Global
	GlobalSection(SolutionConfigurationPlatforms) = preSolution
		Debug|Any CPU = Debug|Any CPU
		Release|Any CPU = Release|Any CPU
	EndGlobalSection
	GlobalSection(ProjectConfigurationPlatforms) = postSolution
		{C2BCB8EC-BEEE-5943-8C23-661DCF8D1CCD}.Debug|Any CPU.ActiveCfg = Debug|Any CPU
		{C2BCB8EC-BEEE-5943-8C23-661DCF8D1CCD}.Debug|Any CPU.Build.0 = Debug|Any CPU
		{C2BCB8EC-BEEE-5943-8C23-661DCF8D1CCD}.Release|Any CPU.ActiveCfg = Release|Any CPU
		{C2BCB8EC-BEEE-5943-8C23-661DCF8D1CCD}.Release|Any CPU.Build.0 = Release|Any CPU
	EndGlobalSection
	GlobalSection(SolutionProperties) = preSolution
		HideSolutionNode = FALSE
	EndGlobalSection
	GlobalSection(ExtensibilityGlobals) = postSolution
		SolutionGuid = {84D3AB62-4B7B-42BE-AAEA-1C7B58071A60}
	EndGlobalSection
EndGlobal
